
Microsoft Visual Studio Solution File, Format Version 12.00
# Visual Studio Version 17
VisualStudioVersion = 17.5.002.0
MinimumVisualStudioVersion = 10.0.40219.1
Project("{9A19103F-16F7-4668-BE54-9A1E7A4F7556}") = "RaioETrov-o", "RaioETrov-o.csproj", "{181F5D57-09B4-4684-BE5C-B3C2645B199A}"
EndProject
Global
	GlobalSection(SolutionConfigurationPlatforms) = preSolution
		Debug|Any CPU = Debug|Any CPU
		Release|Any CPU = Release|Any CPU
	EndGlobalSection
	GlobalSection(ProjectConfigurationPlatforms) = postSolution
		{181F5D57-09B4-4684-BE5C-B3C2645B199A}.Debug|Any CPU.ActiveCfg = Debug|Any CPU
		{181F5D57-09B4-4684-BE5C-B3C2645B199A}.Debug|Any CPU.Build.0 = Debug|Any CPU
		{181F5D57-09B4-4684-BE5C-B3C2645B199A}.Release|Any CPU.ActiveCfg = Release|Any CPU
		{181F5D57-09B4-4684-BE5C-B3C2645B199A}.Release|Any CPU.Build.0 = Release|Any CPU
	EndGlobalSection
	GlobalSection(SolutionProperties) = preSolution
		HideSolutionNode = FALSE
	EndGlobalSection
	GlobalSection(ExtensibilityGlobals) = postSolution
		SolutionGuid = {81238903-AA29-4011-9333-5E674355BBF8}
	EndGlobalSection
EndGlobal
